# This file is automatically @generated by Cargo.
# It is not intended for manual editing.
version = 3

[[package]]
name = "maestros-core"
version = "0.0.1"

[[package]]
name = "maestros-embed"
version = "0.0.1"
dependencies = [
 "maestros-core",
]

[[package]]
name = "maestros-host"
version = "0.0.1"
dependencies = [
 "maestros-core",
 "maestros-embed",
 "maestros-lance",
 "maestros-mesh",
 "maestros-proof",
 "maestros-proto",
 "maestros-quorum",
]

[[package]]
name = "maestros-lance"
version = "0.0.1"
dependencies = [
 "maestros-core",
]

[[package]]
name = "maestros-mesh"
version = "0.0.1"
dependencies = [
 "maestros-core",
 "maestros-proto",
]

[[package]]
name = "maestros-proof"
version = "0.0.1"
dependencies = [
 "maestros-core",
]

[[package]]
name = "maestros-proto"
version = "0.0.1"
dependencies = [
 "maestros-core",
]

[[package]]
name = "maestros-quorum"
version = "0.0.1"
dependencies = [
 "maestros-core",
 "maestros-embed",
]

[[package]]
name = "maestrosd"
version = "0.0.1"
dependencies = [
 "maestros-host",
]
